
Microsoft Visual Studio Solution File, Format Version 12.00
# Visual Studio 2013
VisualStudioVersion = 12.0.21005.1
MinimumVisualStudioVersion = 10.0.40219.1
Project("{FAE04EC0-301F-11D3-BF4B-00C04F79EFBC}") = "20231554_김민수 과제4", "20231554_김민수 과제4.csproj", "{D5148551-0F1E-42C4-A82A-08B514F5DC53}"
EndProject
Global
	GlobalSection(SolutionConfigurationPlatforms) = preSolution
		Debug|Any CPU = Debug|Any CPU
		Release|Any CPU = Release|Any CPU
	EndGlobalSection
	GlobalSection(ProjectConfigurationPlatforms) = postSolution
		{D5148551-0F1E-42C4-A82A-08B514F5DC53}.Debug|Any CPU.ActiveCfg = Debug|Any CPU
		{D5148551-0F1E-42C4-A82A-08B514F5DC53}.Debug|Any CPU.Build.0 = Debug|Any CPU
		{D5148551-0F1E-42C4-A82A-08B514F5DC53}.Release|Any CPU.ActiveCfg = Release|Any CPU
		{D5148551-0F1E-42C4-A82A-08B514F5DC53}.Release|Any CPU.Build.0 = Release|Any CPU
	EndGlobalSection
	GlobalSection(SolutionProperties) = preSolution
		HideSolutionNode = FALSE
	EndGlobalSection
EndGlobal
