
Microsoft Visual Studio Solution File, Format Version 12.00
# Visual Studio Version 17
VisualStudioVersion = 17.6.33712.159
MinimumVisualStudioVersion = 10.0.40219.1
Project("{FAE04EC0-301F-11D3-BF4B-00C04F79EFBC}") = "웹프로그래밍_기말3", "웹프로그래밍_기말3\웹프로그래밍_기말3.csproj", "{8F7D2D16-25BA-4B6C-B97F-41DED6B7780F}"
EndProject
Global
	GlobalSection(SolutionConfigurationPlatforms) = preSolution
		Debug|Any CPU = Debug|Any CPU
		Release|Any CPU = Release|Any CPU
	EndGlobalSection
	GlobalSection(ProjectConfigurationPlatforms) = postSolution
		{8F7D2D16-25BA-4B6C-B97F-41DED6B7780F}.Debug|Any CPU.ActiveCfg = Debug|Any CPU
		{8F7D2D16-25BA-4B6C-B97F-41DED6B7780F}.Debug|Any CPU.Build.0 = Debug|Any CPU
		{8F7D2D16-25BA-4B6C-B97F-41DED6B7780F}.Release|Any CPU.ActiveCfg = Release|Any CPU
		{8F7D2D16-25BA-4B6C-B97F-41DED6B7780F}.Release|Any CPU.Build.0 = Release|Any CPU
	EndGlobalSection
	GlobalSection(SolutionProperties) = preSolution
		HideSolutionNode = FALSE
	EndGlobalSection
	GlobalSection(ExtensibilityGlobals) = postSolution
		SolutionGuid = {5A1EC8EA-A13B-4F1D-A392-DB3548169284}
	EndGlobalSection
EndGlobal
