
Microsoft Visual Studio Solution File, Format Version 12.00
# Visual Studio 2013
VisualStudioVersion = 12.0.21005.1
MinimumVisualStudioVersion = 10.0.40219.1
Project("{FAE04EC0-301F-11D3-BF4B-00C04F79EFBC}") = "20231554_김민수 과제1", "20231554_김민수 과제1.csproj", "{664EFEE3-7640-4B65-829A-C4381E9C10A1}"
EndProject
Global
	GlobalSection(SolutionConfigurationPlatforms) = preSolution
		Debug|Any CPU = Debug|Any CPU
		Release|Any CPU = Release|Any CPU
	EndGlobalSection
	GlobalSection(ProjectConfigurationPlatforms) = postSolution
		{664EFEE3-7640-4B65-829A-C4381E9C10A1}.Debug|Any CPU.ActiveCfg = Debug|Any CPU
		{664EFEE3-7640-4B65-829A-C4381E9C10A1}.Debug|Any CPU.Build.0 = Debug|Any CPU
		{664EFEE3-7640-4B65-829A-C4381E9C10A1}.Release|Any CPU.ActiveCfg = Release|Any CPU
		{664EFEE3-7640-4B65-829A-C4381E9C10A1}.Release|Any CPU.Build.0 = Release|Any CPU
	EndGlobalSection
	GlobalSection(SolutionProperties) = preSolution
		HideSolutionNode = FALSE
	EndGlobalSection
EndGlobal
